
Microsoft Visual Studio Solution File, Format Version 12.00
# Visual Studio Version 16
VisualStudioVersion = 16.0.29613.14
MinimumVisualStudioVersion = 10.0.40219.1
Project("{FAE04EC0-301F-11D3-BF4B-00C04F79EFBC}") = "StairsManufacturing", "StairsManufacturing\StairsManufacturing.csproj", "{5ECA9020-C071-49DE-BEF7-BD4FEDCFDDC2}"
EndProject
Global
	GlobalSection(SolutionConfigurationPlatforms) = preSolution
		Debug|Any CPU = Debug|Any CPU
		Release|Any CPU = Release|Any CPU
	EndGlobalSection
	GlobalSection(ProjectConfigurationPlatforms) = postSolution
		{5ECA9020-C071-49DE-BEF7-BD4FEDCFDDC2}.Debug|Any CPU.ActiveCfg = Debug|Any CPU
		{5ECA9020-C071-49DE-BEF7-BD4FEDCFDDC2}.Debug|Any CPU.Build.0 = Debug|Any CPU
		{5ECA9020-C071-49DE-BEF7-BD4FEDCFDDC2}.Release|Any CPU.ActiveCfg = Release|Any CPU
		{5ECA9020-C071-49DE-BEF7-BD4FEDCFDDC2}.Release|Any CPU.Build.0 = Release|Any CPU
	EndGlobalSection
	GlobalSection(SolutionProperties) = preSolution
		HideSolutionNode = FALSE
	EndGlobalSection
	GlobalSection(ExtensibilityGlobals) = postSolution
		SolutionGuid = {DC76686F-2DF9-4AC6-89CC-CB937982EF4D}
	EndGlobalSection
EndGlobal
